// !$*UTF8*$!
{
	archiveVersion = 1;
	classes = {
	};
	objectVersion = 46;
	objects = {

/* Begin PBXBuildFile section */
		1D6CA2746A1599BC58C44712 /* Pods_HONY.framework in Frameworks */ = {isa = PBXBuildFile; fileRef = 4E64678B0BD4F971F1883B67 /* Pods_HONY.framework */; };
		FB33374A1DB57DB70030645F /* AppDelegate.swift in Sources */ = {isa = PBXBuildFile; fileRef = FB3337491DB57DB70030645F /* AppDelegate.swift */; };
		FB33374C1DB57DB70030645F /* PhotosViewController.swift in Sources */ = {isa = PBXBuildFile; fileRef = FB33374B1DB57DB70030645F /* PhotosViewController.swift */; };
		FB33374F1DB57DB70030645F /* Main.storyboard in Resources */ = {isa = PBXBuildFile; fileRef = FB33374D1DB57DB70030645F /* Main.storyboard */; };
		FB3337511DB57DB70030645F /* Assets.xcassets in Resources */ = {isa = PBXBuildFile; fileRef = FB3337501DB57DB70030645F /* Assets.xcassets */; };
		FB3337541DB57DB70030645F /* LaunchScreen.storyboard in Resources */ = {isa = PBXBuildFile; fileRef = FB3337521DB57DB70030645F /* LaunchScreen.storyboard */; };
		FBAB3B241DB591C60014C818 /* PhotosTableViewCell.swift in Sources */ = {isa = PBXBuildFile; fileRef = FBAB3B231DB591C60014C818 /* PhotosTableViewCell.swift */; };
		FBE94F511DB9399C00162C23 /* PhotoDetailsViewController.swift in Sources */ = {isa = PBXBuildFile; fileRef = FBE94F501DB9389600162C23 /* PhotoDetailsViewController.swift */; };
/* End PBXBuildFile section */

/* Begin PBXFileReference section */
		4E64678B0BD4F971F1883B67 /* Pods_HONY.framework */ = {isa = PBXFileReference; explicitFileType = wrapper.framework; includeInIndex = 0; path = Pods_HONY.framework; sourceTree = BUILT_PRODUCTS_DIR; };
		B64E2097B87E391D7A2E0152 /* Pods-HONY.debug.xcconfig */ = {isa = PBXFileReference; includeInIndex = 1; lastKnownFileType = text.xcconfig; name = "Pods-HONY.debug.xcconfig"; path = "Pods/Target Support Files/Pods-HONY/Pods-HONY.debug.xcconfig"; sourceTree = "<group>"; };
		C5FB56FFF03FEA2CDEDF57E7 /* Pods-HONY.release.xcconfig */ = {isa = PBXFileReference; includeInIndex = 1; lastKnownFileType = text.xcconfig; name = "Pods-HONY.release.xcconfig"; path = "Pods/Target Support Files/Pods-HONY/Pods-HONY.release.xcconfig"; sourceTree = "<group>"; };
		FB3337461DB57DB70030645F /* HONY.app */ = {isa = PBXFileReference; explicitFileType = wrapper.application; includeInIndex = 0; path = HONY.app; sourceTree = BUILT_PRODUCTS_DIR; };
		FB3337491DB57DB70030645F /* AppDelegate.swift */ = {isa = PBXFileReference; lastKnownFileType = sourcecode.swift; path = AppDelegate.swift; sourceTree = "<group>"; };
		FB33374B1DB57DB70030645F /* PhotosViewController.swift */ = {isa = PBXFileReference; lastKnownFileType = sourcecode.swift; path = PhotosViewController.swift; sourceTree = "<group>"; };
		FB33374E1DB57DB70030645F /* Base */ = {isa = PBXFileReference; lastKnownFileType = file.storyboard; name = Base; path = Base.lproj/Main.storyboard; sourceTree = "<group>"; };
		FB3337501DB57DB70030645F /* Assets.xcassets */ = {isa = PBXFileReference; lastKnownFileType = folder.assetcatalog; path = Assets.xcassets; sourceTree = "<group>"; };
		FB3337531DB57DB70030645F /* Base */ = {isa = PBXFileReference; lastKnownFileType = file.storyboard; name = Base; path = Base.lproj/LaunchScreen.storyboard; sourceTree = "<group>"; };
		FB3337551DB57DB70030645F /* Info.plist */ = {isa = PBXFileReference; lastKnownFileType = text.plist.xml; path = Info.plist; sourceTree = "<group>"; };
		FBAB3B231DB591C60014C818 /* PhotosTableViewCell.swift */ = {isa = PBXFileReference; fileEncoding = 4; lastKnownFileType = sourcecode.swift; path = PhotosTableViewCell.swift; sourceTree = "<group>"; };
		FBE94F501DB9389600162C23 /* PhotoDetailsViewController.swift */ = {isa = PBXFileReference; lastKnownFileType = sourcecode.swift; path = PhotoDetailsViewController.swift; sourceTree = "<group>"; };
/* End PBXFileReference section */

/* Begin PBXFrameworksBuildPhase section */
		FB3337431DB57DB70030645F /* Frameworks */ = {
			isa = PBXFrameworksBuildPhase;
			buildActionMask = 2147483647;
			files = (
				1D6CA2746A1599BC58C44712 /* Pods_HONY.framework in Frameworks */,
			);
			runOnlyForDeploymentPostprocessing = 0;
		};
/* End PBXFrameworksBuildPhase section */

/* Begin PBXGroup section */
		096B8D7D4039749E8217AED8 /* Pods */ = {
			isa = PBXGroup;
			children = (
				B64E2097B87E391D7A2E0152 /* Pods-HONY.debug.xcconfig */,
				C5FB56FFF03FEA2CDEDF57E7 /* Pods-HONY.release.xcconfig */,
			);
			name = Pods;
			sourceTree = "<group>";
		};
		8DC69BC8A37C914BACA97619 /* Frameworks */ = {
			isa = PBXGroup;
			children = (
				4E64678B0BD4F971F1883B67 /* Pods_HONY.framework */,
			);
			name = Frameworks;
			sourceTree = "<group>";
		};
		FB33373D1DB57DB70030645F = {
			isa = PBXGroup;
			children = (
				FB3337481DB57DB70030645F /* HONY */,
				FB3337471DB57DB70030645F /* Products */,
				096B8D7D4039749E8217AED8 /* Pods */,
				8DC69BC8A37C914BACA97619 /* Frameworks */,
			);
			sourceTree = "<group>";
		};
		FB3337471DB57DB70030645F /* Products */ = {
			isa = PBXGroup;
			children = (
				FB3337461DB57DB70030645F /* HONY.app */,
			);
			name = Products;
			sourceTree = "<group>";
		};
		FB3337481DB57DB70030645F /* HONY */ = {
			isa = PBXGroup;
			children = (
				FBE94F501DB9389600162C23 /* PhotoDetailsViewController.swift */,
				FBAB3B231DB591C60014C818 /* PhotosTableViewCell.swift */,
				FB3337491DB57DB70030645F /* AppDelegate.swift */,
				FB33374B1DB57DB70030645F /* PhotosViewController.swift */,
				FB33374D1DB57DB70030645F /* Main.storyboard */,
				FB3337501DB57DB70030645F /* Assets.xcassets */,
				FB3337521DB57DB70030645F /* LaunchScreen.storyboard */,
				FB3337551DB57DB70030645F /* Info.plist */,
			);
			path = HONY;
			sourceTree = "<group>";
		};
/* End PBXGroup section */

/* Begin PBXNativeTarget section */
		FB3337451DB57DB70030645F /* HONY */ = {
			isa = PBXNativeTarget;
			buildConfigurationList = FB3337581DB57DB70030645F /* Build configuration list for PBXNativeTarget "HONY" */;
			buildPhases = (
				17CF827A1C94DF784E553998 /* [CP] Check Pods Manifest.lock */,
				FB3337421DB57DB70030645F /* Sources */,
				FB3337431DB57DB70030645F /* Frameworks */,
				FB3337441DB57DB70030645F /* Resources */,
				D123DFFAC3D1E40F3E6CA03A /* [CP] Embed Pods Frameworks */,
				3A46029E6F9557C8F8CE5E6C /* [CP] Copy Pods Resources */,
			);
			buildRules = (
			);
			dependencies = (
			);
			name = HONY;
			productName = HONY;
			productReference = FB3337461DB57DB70030645F /* HONY.app */;
			productType = "com.apple.product-type.application";
		};
/* End PBXNativeTarget section */

/* Begin PBXProject section */
		FB33373E1DB57DB70030645F /* Project object */ = {
			isa = PBXProject;
			attributes = {
				LastSwiftUpdateCheck = 0800;
				LastUpgradeCheck = 0810;
				ORGANIZATIONNAME = "Edmund Korley";
				TargetAttributes = {
					FB3337451DB57DB70030645F = {
						CreatedOnToolsVersion = 8.0;
						ProvisioningStyle = Automatic;
					};
				};
			};
			buildConfigurationList = FB3337411DB57DB70030645F /* Build configuration list for PBXProject "HONY" */;
			compatibilityVersion = "Xcode 3.2";
			developmentRegion = English;
			hasScannedForEncodings = 0;
			knownRegions = (
				en,
				Base,
			);
			mainGroup = FB33373D1DB57DB70030645F;
			productRefGroup = FB3337471DB57DB70030645F /* Products */;
			projectDirPath = "";
			projectRoot = "";
			targets = (
				FB3337451DB57DB70030645F /* HONY */,
			);
		};
/* End PBXProject section */

/* Begin PBXResourcesBuildPhase section */
		FB3337441DB57DB70030645F /* Resources */ = {
			isa = PBXResourcesBuildPhase;
			buildActionMask = 2147483647;
			files = (
				FB3337541DB57DB70030645F /* LaunchScreen.storyboard in Resources */,
				FB3337511DB57DB70030645F /* Assets.xcassets in Resources */,
				FB33374F1DB57DB70030645F /* Main.storyboard in Resources */,
			);
			runOnlyForDeploymentPostprocessing = 0;
		};
/* End PBXResourcesBuildPhase section */

/* Begin PBXShellScriptBuildPhase section */
		17CF827A1C94DF784E553998 /* [CP] Check Pods Manifest.lock */ = {
			isa = PBXShellScriptBuildPhase;
			buildActionMask = 2147483647;
			files = (
			);
			inputPaths = (
			);
			name = "[CP] Check Pods Manifest.lock";
			outputPaths = (
			);
			runOnlyForDeploymentPostprocessing = 0;
			shellPath = /bin/sh;
			shellScript = "diff \"${PODS_ROOT}/../Podfile.lock\" \"${PODS_ROOT}/Manifest.lock\" > /dev/null\nif [[ $? != 0 ]] ; then\n    cat << EOM\nerror: The sandbox is not in sync with the Podfile.lock. Run 'pod install' or update your CocoaPods installation.\nEOM\n    exit 1\nfi\n";
			showEnvVarsInLog = 0;
		};
		3A46029E6F9557C8F8CE5E6C /* [CP] Copy Pods Resources */ = {
			isa = PBXShellScriptBuildPhase;
			buildActionMask = 2147483647;
			files = (
			);
			inputPaths = (
			);
			name = "[CP] Copy Pods Resources";
			outputPaths = (
			);
			runOnlyForDeploymentPostprocessing = 0;
			shellPath = /bin/sh;
			shellScript = "\"${SRCROOT}/Pods/Target Support Files/Pods-HONY/Pods-HONY-resources.sh\"\n";
			showEnvVarsInLog = 0;
		};
		D123DFFAC3D1E40F3E6CA03A /* [CP] Embed Pods Frameworks */ = {
			isa = PBXShellScriptBuildPhase;
			buildActionMask = 2147483647;
			files = (
			);
			inputPaths = (
			);
			name = "[CP] Embed Pods Frameworks";
			outputPaths = (
			);
			runOnlyForDeploymentPostprocessing = 0;
			shellPath = /bin/sh;
			shellScript = "\"${SRCROOT}/Pods/Target Support Files/Pods-HONY/Pods-HONY-frameworks.sh\"\n";
			showEnvVarsInLog = 0;
		};
/* End PBXShellScriptBuildPhase section */

/* Begin PBXSourcesBuildPhase section */
		FB3337421DB57DB70030645F /* Sources */ = {
			isa = PBXSourcesBuildPhase;
			buildActionMask = 2147483647;
			files = (
				FBE94F511DB9399C00162C23 /* PhotoDetailsViewController.swift in Sources */,
				FBAB3B241DB591C60014C818 /* PhotosTableViewCell.swift in Sources */,
				FB33374C1DB57DB70030645F /* PhotosViewController.swift in Sources */,
				FB33374A1DB57DB70030645F /* AppDelegate.swift in Sources */,
			);
			runOnlyForDeploymentPostprocessing = 0;
		};
/* End PBXSourcesBuildPhase section */

/* Begin PBXVariantGroup section */
		FB33374D1DB57DB70030645F /* Main.storyboard */ = {
			isa = PBXVariantGroup;
			children = (
				FB33374E1DB57DB70030645F /* Base */,
			);
			name = Main.storyboard;
			sourceTree = "<group>";
		};
		FB3337521DB57DB70030645F /* LaunchScreen.storyboard */ = {
			isa = PBXVariantGroup;
			children = (
				FB3337531DB57DB70030645F /* Base */,
			);
			name = LaunchScreen.storyboard;
			sourceTree = "<group>";
		};
/* End PBXVariantGroup section */

/* Begin XCBuildConfiguration section */
		FB3337561DB57DB70030645F /* Debug */ = {
			isa = XCBuildConfiguration;
			buildSettings = {
				ALWAYS_SEARCH_USER_PATHS = NO;
				CLANG_ANALYZER_NONNULL = YES;
				CLANG_CXX_LANGUAGE_STANDARD = "gnu++0x";
				CLANG_CXX_LIBRARY = "libc++";
				CLANG_ENABLE_MODULES = YES;
				CLANG_ENABLE_OBJC_ARC = YES;
				CLANG_WARN_BOOL_CONVERSION = YES;
				CLANG_WARN_CONSTANT_CONVERSION = YES;
				CLANG_WARN_DIRECT_OBJC_ISA_USAGE = YES_ERROR;
				CLANG_WARN_DOCUMENTATION_COMMENTS = YES;
				CLANG_WARN_EMPTY_BODY = YES;
				CLANG_WARN_ENUM_CONVERSION = YES;
				CLANG_WARN_INFINITE_RECURSION = YES;
				CLANG_WARN_INT_CONVERSION = YES;
				CLANG_WARN_OBJC_ROOT_CLASS = YES_ERROR;
				CLANG_WARN_SUSPICIOUS_MOVE = YES;
				CLANG_WARN_SUSPICIOUS_MOVES = YES;
				CLANG_WARN_UNREACHABLE_CODE = YES;
				CLANG_WARN__DUPLICATE_METHOD_MATCH = YES;
				"CODE_SIGN_IDENTITY[sdk=iphoneos*]" = "iPhone Developer";
				COPY_PHASE_STRIP = NO;
				DEBUG_INFORMATION_FORMAT = dwarf;
				ENABLE_STRICT_OBJC_MSGSEND = YES;
				ENABLE_TESTABILITY = YES;
				GCC_C_LANGUAGE_STANDARD = gnu99;
				GCC_DYNAMIC_NO_PIC = NO;
				GCC_NO_COMMON_BLOCKS = YES;
				GCC_OPTIMIZATION_LEVEL = 0;
				GCC_PREPROCESSOR_DEFINITIONS = (
					"DEBUG=1",
					"$(inherited)",
				);
				GCC_WARN_64_TO_32_BIT_CONVERSION = YES;
				GCC_WARN_ABOUT_RETURN_TYPE = YES_ERROR;
				GCC_WARN_UNDECLARED_SELECTOR = YES;
				GCC_WARN_UNINITIALIZED_AUTOS = YES_AGGRESSIVE;
				GCC_WARN_UNUSED_FUNCTION = YES;
				GCC_WARN_UNUSED_VARIABLE = YES;
				IPHONEOS_DEPLOYMENT_TARGET = 10.0;
				MTL_ENABLE_DEBUG_INFO = YES;
				ONLY_ACTIVE_ARCH = YES;
				SDKROOT = iphoneos;
				SWIFT_ACTIVE_COMPILATION_CONDITIONS = DEBUG;
				SWIFT_OPTIMIZATION_LEVEL = "-Onone";
				TARGETED_DEVICE_FAMILY = "1,2";
			};
			name = Debug;
		};
		FB3337571DB57DB70030645F /* Release */ = {
			isa = XCBuildConfiguration;
			buildSettings = {
				ALWAYS_SEARCH_USER_PATHS = NO;
				CLANG_ANALYZER_NONNULL = YES;
				CLANG_CXX_LANGUAGE_STANDARD = "gnu++0x";
				CLANG_CXX_LIBRARY = "libc++";
				CLANG_ENABLE_MODULES = YES;
				CLANG_ENABLE_OBJC_ARC = YES;
				CLANG_WARN_BOOL_CONVERSION = YES;
				CLANG_WARN_CONSTANT_CONVERSION = YES;
				CLANG_WARN_DIRECT_OBJC_ISA_USAGE = YES_ERROR;
				CLANG_WARN_DOCUMENTATION_COMMENTS = YES;
				CLANG_WARN_EMPTY_BODY = YES;
				CLANG_WARN_ENUM_CONVERSION = YES;
				CLANG_WARN_INFINITE_RECURSION = YES;
				CLANG_WARN_INT_CONVERSION = YES;
				CLANG_WARN_OBJC_ROOT_CLASS = YES_ERROR;
				CLANG_WARN_SUSPICIOUS_MOVE = YES;
				CLANG_WARN_SUSPICIOUS_MOVES = YES;
				CLANG_WARN_UNREACHABLE_CODE = YES;
				CLANG_WARN__DUPLICATE_METHOD_MATCH = YES;
				"CODE_SIGN_IDENTITY[sdk=iphoneos*]" = "iPhone Developer";
				COPY_PHASE_STRIP = NO;
				DEBUG_INFORMATION_FORMAT = "dwarf-with-dsym";
				ENABLE_NS_ASSERTIONS = NO;
				ENABLE_STRICT_OBJC_MSGSEND = YES;
				GCC_C_LANGUAGE_STANDARD = gnu99;
				GCC_NO_COMMON_BLOCKS = YES;
				GCC_WARN_64_TO_32_BIT_CONVERSION = YES;
				GCC_WARN_ABOUT_RETURN_TYPE = YES_ERROR;
				GCC_WARN_UNDECLARED_SELECTOR = YES;
				GCC_WARN_UNINITIALIZED_AUTOS = YES_AGGRESSIVE;
				GCC_WARN_UNUSED_FUNCTION = YES;
				GCC_WARN_UNUSED_VARIABLE = YES;
				IPHONEOS_DEPLOYMENT_TARGET = 10.0;
				MTL_ENABLE_DEBUG_INFO = NO;
				SDKROOT = iphoneos;
				SWIFT_OPTIMIZATION_LEVEL = "-Owholemodule";
				TARGETED_DEVICE_FAMILY = "1,2";
				VALIDATE_PRODUCT = YES;
			};
			name = Release;
		};
		FB3337591DB57DB70030645F /* Debug */ = {
			isa = XCBuildConfiguration;
			baseConfigurationReference = B64E2097B87E391D7A2E0152 /* Pods-HONY.debug.xcconfig */;
			buildSettings = {
				ASSETCATALOG_COMPILER_APPICON_NAME = AppIcon;
				INFOPLIST_FILE = HONY/Info.plist;
				LD_RUNPATH_SEARCH_PATHS = "$(inherited) @executable_path/Frameworks";
				PRODUCT_BUNDLE_IDENTIFIER = Melanchroes.HONY;
				PRODUCT_NAME = "$(TARGET_NAME)";
				SWIFT_VERSION = 3.0;
			};
			name = Debug;
		};
		FB33375A1DB57DB70030645F /* Release */ = {
			isa = XCBuildConfiguration;
			baseConfigurationReference = C5FB56FFF03FEA2CDEDF57E7 /* Pods-HONY.release.xcconfig */;
			buildSettings = {
				ASSETCATALOG_COMPILER_APPICON_NAME = AppIcon;
				INFOPLIST_FILE = HONY/Info.plist;
				LD_RUNPATH_SEARCH_PATHS = "$(inherited) @executable_path/Frameworks";
				PRODUCT_BUNDLE_IDENTIFIER = Melanchroes.HONY;
				PRODUCT_NAME = "$(TARGET_NAME)";
				SWIFT_VERSION = 3.0;
			};
			name = Release;
		};
/* End XCBuildConfiguration section */

/* Begin XCConfigurationList section */
		FB3337411DB57DB70030645F /* Build configuration list for PBXProject "HONY" */ = {
			isa = XCConfigurationList;
			buildConfigurations = (
				FB3337561DB57DB70030645F /* Debug */,
				FB3337571DB57DB70030645F /* Release */,
			);
			defaultConfigurationIsVisible = 0;
			defaultConfigurationName = Release;
		};
		FB3337581DB57DB70030645F /* Build configuration list for PBXNativeTarget "HONY" */ = {
			isa = XCConfigurationList;
			buildConfigurations = (
				FB3337591DB57DB70030645F /* Debug */,
				FB33375A1DB57DB70030645F /* Release */,
			);
			defaultConfigurationIsVisible = 0;
			defaultConfigurationName = Release;
		};
/* End XCConfigurationList section */
	};
	rootObject = FB33373E1DB57DB70030645F /* Project object */;
}
